
Microsoft Visual Studio Solution File, Format Version 12.00
# Visual Studio Version 17
VisualStudioVersion = 17.0.32126.317
MinimumVisualStudioVersion = 10.0.40219.1
Project("{FAE04EC0-301F-11D3-BF4B-00C04F79EFBC}") = "dt191gProjectApp", "dt191gProjectApp\dt191gProjectApp.csproj", "{F4F6DFBF-A467-461C-9E62-73820CD28FA8}"
EndProject
Global
	GlobalSection(SolutionConfigurationPlatforms) = preSolution
		Debug|Any CPU = Debug|Any CPU
		Release|Any CPU = Release|Any CPU
	EndGlobalSection
	GlobalSection(ProjectConfigurationPlatforms) = postSolution
		{F4F6DFBF-A467-461C-9E62-73820CD28FA8}.Debug|Any CPU.ActiveCfg = Debug|Any CPU
		{F4F6DFBF-A467-461C-9E62-73820CD28FA8}.Debug|Any CPU.Build.0 = Debug|Any CPU
		{F4F6DFBF-A467-461C-9E62-73820CD28FA8}.Release|Any CPU.ActiveCfg = Release|Any CPU
		{F4F6DFBF-A467-461C-9E62-73820CD28FA8}.Release|Any CPU.Build.0 = Release|Any CPU
	EndGlobalSection
	GlobalSection(SolutionProperties) = preSolution
		HideSolutionNode = FALSE
	EndGlobalSection
	GlobalSection(ExtensibilityGlobals) = postSolution
		SolutionGuid = {C7096C56-CBF0-4F2D-BA98-12EDDAE8D212}
	EndGlobalSection
EndGlobal
